
Microsoft Visual Studio Solution File, Format Version 12.00
# Visual Studio Version 16
VisualStudioVersion = 16.0.32901.82
MinimumVisualStudioVersion = 10.0.40219.1
Project("{FAE04EC0-301F-11D3-BF4B-00C04F79EFBC}") = "SalesWebMvc", "SalesWebMvc\SalesWebMvc.csproj", "{AC7CF5CD-7D44-4702-BB7D-E8C019E5B348}"
EndProject
Global
	GlobalSection(SolutionConfigurationPlatforms) = preSolution
		Debug|Any CPU = Debug|Any CPU
		Release|Any CPU = Release|Any CPU
	EndGlobalSection
	GlobalSection(ProjectConfigurationPlatforms) = postSolution
		{AC7CF5CD-7D44-4702-BB7D-E8C019E5B348}.Debug|Any CPU.ActiveCfg = Debug|Any CPU
		{AC7CF5CD-7D44-4702-BB7D-E8C019E5B348}.Debug|Any CPU.Build.0 = Debug|Any CPU
		{AC7CF5CD-7D44-4702-BB7D-E8C019E5B348}.Release|Any CPU.ActiveCfg = Release|Any CPU
		{AC7CF5CD-7D44-4702-BB7D-E8C019E5B348}.Release|Any CPU.Build.0 = Release|Any CPU
	EndGlobalSection
	GlobalSection(SolutionProperties) = preSolution
		HideSolutionNode = FALSE
	EndGlobalSection
	GlobalSection(ExtensibilityGlobals) = postSolution
		SolutionGuid = {0D672BA3-F1D1-4C77-A76C-EE02EE9298F4}
	EndGlobalSection
EndGlobal
